// !$*UTF8*$!
{
	archiveVersion = 1;
	classes = {
	};
	objectVersion = 46;
	objects = {

/* Begin PBXBuildFile section */
		518BA9E91D8C2E380021B60A /* CalculatorVC.swift in Sources */ = {isa = PBXBuildFile; fileRef = 518BA9E81D8C2E380021B60A /* CalculatorVC.swift */; };
		518BA9EB1D8CD6710021B60A /* SettingVC.swift in Sources */ = {isa = PBXBuildFile; fileRef = 518BA9EA1D8CD6710021B60A /* SettingVC.swift */; };
		518BA9ED1D8DBF470021B60A /* CustomizeSegment.swift in Sources */ = {isa = PBXBuildFile; fileRef = 518BA9EC1D8DBF470021B60A /* CustomizeSegment.swift */; };
		518BA9F21D8E045E0021B60A /* Settings-50.png in Resources */ = {isa = PBXBuildFile; fileRef = 518BA9F11D8E045E0021B60A /* Settings-50.png */; };
		518BA9F41D8E05500021B60A /* Settings Filled-50.png in Resources */ = {isa = PBXBuildFile; fileRef = 518BA9F31D8E05500021B60A /* Settings Filled-50.png */; };
		518BA9F91D8E0C550021B60A /* Conference Call Filled-50.png in Resources */ = {isa = PBXBuildFile; fileRef = 518BA9F51D8E0C550021B60A /* Conference Call Filled-50.png */; };
		518BA9FA1D8E0C550021B60A /* Conference Filled-50.png in Resources */ = {isa = PBXBuildFile; fileRef = 518BA9F61D8E0C550021B60A /* Conference Filled-50.png */; };
		518BA9FB1D8E0C550021B60A /* Contacts Filled-50.png in Resources */ = {isa = PBXBuildFile; fileRef = 518BA9F71D8E0C550021B60A /* Contacts Filled-50.png */; };
		518BA9FC1D8E0C550021B60A /* User Group Man Man Filled-50.png in Resources */ = {isa = PBXBuildFile; fileRef = 518BA9F81D8E0C550021B60A /* User Group Man Man Filled-50.png */; };
		518BA9FE1D8E25340021B60A /* CustomizeAmountTB.swift in Sources */ = {isa = PBXBuildFile; fileRef = 518BA9FD1D8E25340021B60A /* CustomizeAmountTB.swift */; };
		518DF4AA1D8C229D00B009A5 /* AppDelegate.swift in Sources */ = {isa = PBXBuildFile; fileRef = 518DF4A91D8C229D00B009A5 /* AppDelegate.swift */; };
		518DF4AF1D8C229D00B009A5 /* Main.storyboard in Resources */ = {isa = PBXBuildFile; fileRef = 518DF4AD1D8C229D00B009A5 /* Main.storyboard */; };
		518DF4B11D8C229D00B009A5 /* Assets.xcassets in Resources */ = {isa = PBXBuildFile; fileRef = 518DF4B01D8C229D00B009A5 /* Assets.xcassets */; };
		518DF4B41D8C229D00B009A5 /* LaunchScreen.storyboard in Resources */ = {isa = PBXBuildFile; fileRef = 518DF4B21D8C229D00B009A5 /* LaunchScreen.storyboard */; };
/* End PBXBuildFile section */

/* Begin PBXFileReference section */
		518BA9E81D8C2E380021B60A /* CalculatorVC.swift */ = {isa = PBXFileReference; fileEncoding = 4; lastKnownFileType = sourcecode.swift; path = CalculatorVC.swift; sourceTree = "<group>"; };
		518BA9EA1D8CD6710021B60A /* SettingVC.swift */ = {isa = PBXFileReference; fileEncoding = 4; lastKnownFileType = sourcecode.swift; path = SettingVC.swift; sourceTree = "<group>"; };
		518BA9EC1D8DBF470021B60A /* CustomizeSegment.swift */ = {isa = PBXFileReference; fileEncoding = 4; lastKnownFileType = sourcecode.swift; path = CustomizeSegment.swift; sourceTree = "<group>"; };
		518BA9F11D8E045E0021B60A /* Settings-50.png */ = {isa = PBXFileReference; lastKnownFileType = image.png; path = "Settings-50.png"; sourceTree = "<group>"; };
		518BA9F31D8E05500021B60A /* Settings Filled-50.png */ = {isa = PBXFileReference; lastKnownFileType = image.png; path = "Settings Filled-50.png"; sourceTree = "<group>"; };
		518BA9F51D8E0C550021B60A /* Conference Call Filled-50.png */ = {isa = PBXFileReference; lastKnownFileType = image.png; path = "Conference Call Filled-50.png"; sourceTree = "<group>"; };
		518BA9F61D8E0C550021B60A /* Conference Filled-50.png */ = {isa = PBXFileReference; lastKnownFileType = image.png; path = "Conference Filled-50.png"; sourceTree = "<group>"; };
		518BA9F71D8E0C550021B60A /* Contacts Filled-50.png */ = {isa = PBXFileReference; lastKnownFileType = image.png; path = "Contacts Filled-50.png"; sourceTree = "<group>"; };
		518BA9F81D8E0C550021B60A /* User Group Man Man Filled-50.png */ = {isa = PBXFileReference; lastKnownFileType = image.png; path = "User Group Man Man Filled-50.png"; sourceTree = "<group>"; };
		518BA9FD1D8E25340021B60A /* CustomizeAmountTB.swift */ = {isa = PBXFileReference; fileEncoding = 4; lastKnownFileType = sourcecode.swift; path = CustomizeAmountTB.swift; sourceTree = "<group>"; };
		518DF4A61D8C229D00B009A5 /* TipCalculator.app */ = {isa = PBXFileReference; explicitFileType = wrapper.application; includeInIndex = 0; path = TipCalculator.app; sourceTree = BUILT_PRODUCTS_DIR; };
		518DF4A91D8C229D00B009A5 /* AppDelegate.swift */ = {isa = PBXFileReference; lastKnownFileType = sourcecode.swift; path = AppDelegate.swift; sourceTree = "<group>"; };
		518DF4AE1D8C229D00B009A5 /* Base */ = {isa = PBXFileReference; lastKnownFileType = file.storyboard; name = Base; path = Base.lproj/Main.storyboard; sourceTree = "<group>"; };
		518DF4B01D8C229D00B009A5 /* Assets.xcassets */ = {isa = PBXFileReference; lastKnownFileType = folder.assetcatalog; path = Assets.xcassets; sourceTree = "<group>"; };
		518DF4B31D8C229D00B009A5 /* Base */ = {isa = PBXFileReference; lastKnownFileType = file.storyboard; name = Base; path = Base.lproj/LaunchScreen.storyboard; sourceTree = "<group>"; };
		518DF4B51D8C229D00B009A5 /* Info.plist */ = {isa = PBXFileReference; lastKnownFileType = text.plist.xml; path = Info.plist; sourceTree = "<group>"; };
/* End PBXFileReference section */

/* Begin PBXFrameworksBuildPhase section */
		518DF4A31D8C229D00B009A5 /* Frameworks */ = {
			isa = PBXFrameworksBuildPhase;
			buildActionMask = 2147483647;
			files = (
			);
			runOnlyForDeploymentPostprocessing = 0;
		};
/* End PBXFrameworksBuildPhase section */

/* Begin PBXGroup section */
		518BA9E61D8C2DCD0021B60A /* View */ = {
			isa = PBXGroup;
			children = (
				518BA9EC1D8DBF470021B60A /* CustomizeSegment.swift */,
				518BA9FD1D8E25340021B60A /* CustomizeAmountTB.swift */,
			);
			name = View;
			sourceTree = "<group>";
		};
		518BA9E71D8C2DD60021B60A /* Controller */ = {
			isa = PBXGroup;
			children = (
				518BA9E81D8C2E380021B60A /* CalculatorVC.swift */,
				518BA9EA1D8CD6710021B60A /* SettingVC.swift */,
			);
			name = Controller;
			sourceTree = "<group>";
		};
		518BA9EE1D8E03150021B60A /* Image */ = {
			isa = PBXGroup;
			children = (
				518BA9F51D8E0C550021B60A /* Conference Call Filled-50.png */,
				518BA9F61D8E0C550021B60A /* Conference Filled-50.png */,
				518BA9F71D8E0C550021B60A /* Contacts Filled-50.png */,
				518BA9F81D8E0C550021B60A /* User Group Man Man Filled-50.png */,
				518BA9F31D8E05500021B60A /* Settings Filled-50.png */,
				518BA9F11D8E045E0021B60A /* Settings-50.png */,
			);
			name = Image;
			sourceTree = "<group>";
		};
		518DF49D1D8C229D00B009A5 = {
			isa = PBXGroup;
			children = (
				518DF4A81D8C229D00B009A5 /* TipCalculator */,
				518DF4A71D8C229D00B009A5 /* Products */,
			);
			sourceTree = "<group>";
		};
		518DF4A71D8C229D00B009A5 /* Products */ = {
			isa = PBXGroup;
			children = (
				518DF4A61D8C229D00B009A5 /* TipCalculator.app */,
			);
			name = Products;
			sourceTree = "<group>";
		};
		518DF4A81D8C229D00B009A5 /* TipCalculator */ = {
			isa = PBXGroup;
			children = (
				518BA9EE1D8E03150021B60A /* Image */,
				518BA9E71D8C2DD60021B60A /* Controller */,
				518BA9E61D8C2DCD0021B60A /* View */,
				518DF4A91D8C229D00B009A5 /* AppDelegate.swift */,
				518DF4AD1D8C229D00B009A5 /* Main.storyboard */,
				518DF4B01D8C229D00B009A5 /* Assets.xcassets */,
				518DF4B21D8C229D00B009A5 /* LaunchScreen.storyboard */,
				518DF4B51D8C229D00B009A5 /* Info.plist */,
			);
			path = TipCalculator;
			sourceTree = "<group>";
		};
/* End PBXGroup section */

/* Begin PBXNativeTarget section */
		518DF4A51D8C229D00B009A5 /* TipCalculator */ = {
			isa = PBXNativeTarget;
			buildConfigurationList = 518DF4B81D8C229D00B009A5 /* Build configuration list for PBXNativeTarget "TipCalculator" */;
			buildPhases = (
				518DF4A21D8C229D00B009A5 /* Sources */,
				518DF4A31D8C229D00B009A5 /* Frameworks */,
				518DF4A41D8C229D00B009A5 /* Resources */,
			);
			buildRules = (
			);
			dependencies = (
			);
			name = TipCalculator;
			productName = TipCalculator;
			productReference = 518DF4A61D8C229D00B009A5 /* TipCalculator.app */;
			productType = "com.apple.product-type.application";
		};
/* End PBXNativeTarget section */

/* Begin PBXProject section */
		518DF49E1D8C229D00B009A5 /* Project object */ = {
			isa = PBXProject;
			attributes = {
				LastSwiftUpdateCheck = 0800;
				LastUpgradeCheck = 0800;
				ORGANIZATIONNAME = manor;
				TargetAttributes = {
					518DF4A51D8C229D00B009A5 = {
						CreatedOnToolsVersion = 8.0;
						DevelopmentTeam = Q5299J7Y59;
						ProvisioningStyle = Automatic;
					};
				};
			};
			buildConfigurationList = 518DF4A11D8C229D00B009A5 /* Build configuration list for PBXProject "TipCalculator" */;
			compatibilityVersion = "Xcode 3.2";
			developmentRegion = English;
			hasScannedForEncodings = 0;
			knownRegions = (
				en,
				Base,
			);
			mainGroup = 518DF49D1D8C229D00B009A5;
			productRefGroup = 518DF4A71D8C229D00B009A5 /* Products */;
			projectDirPath = "";
			projectRoot = "";
			targets = (
				518DF4A51D8C229D00B009A5 /* TipCalculator */,
			);
		};
/* End PBXProject section */

/* Begin PBXResourcesBuildPhase section */
		518DF4A41D8C229D00B009A5 /* Resources */ = {
			isa = PBXResourcesBuildPhase;
			buildActionMask = 2147483647;
			files = (
				518BA9FA1D8E0C550021B60A /* Conference Filled-50.png in Resources */,
				518DF4B41D8C229D00B009A5 /* LaunchScreen.storyboard in Resources */,
				518BA9FB1D8E0C550021B60A /* Contacts Filled-50.png in Resources */,
				518BA9F21D8E045E0021B60A /* Settings-50.png in Resources */,
				518DF4B11D8C229D00B009A5 /* Assets.xcassets in Resources */,
				518BA9FC1D8E0C550021B60A /* User Group Man Man Filled-50.png in Resources */,
				518DF4AF1D8C229D00B009A5 /* Main.storyboard in Resources */,
				518BA9F91D8E0C550021B60A /* Conference Call Filled-50.png in Resources */,
				518BA9F41D8E05500021B60A /* Settings Filled-50.png in Resources */,
			);
			runOnlyForDeploymentPostprocessing = 0;
		};
/* End PBXResourcesBuildPhase section */

/* Begin PBXSourcesBuildPhase section */
		518DF4A21D8C229D00B009A5 /* Sources */ = {
			isa = PBXSourcesBuildPhase;
			buildActionMask = 2147483647;
			files = (
				518DF4AA1D8C229D00B009A5 /* AppDelegate.swift in Sources */,
				518BA9EB1D8CD6710021B60A /* SettingVC.swift in Sources */,
				518BA9E91D8C2E380021B60A /* CalculatorVC.swift in Sources */,
				518BA9ED1D8DBF470021B60A /* CustomizeSegment.swift in Sources */,
				518BA9FE1D8E25340021B60A /* CustomizeAmountTB.swift in Sources */,
			);
			runOnlyForDeploymentPostprocessing = 0;
		};
/* End PBXSourcesBuildPhase section */

/* Begin PBXVariantGroup section */
		518DF4AD1D8C229D00B009A5 /* Main.storyboard */ = {
			isa = PBXVariantGroup;
			children = (
				518DF4AE1D8C229D00B009A5 /* Base */,
			);
			name = Main.storyboard;
			sourceTree = "<group>";
		};
		518DF4B21D8C229D00B009A5 /* LaunchScreen.storyboard */ = {
			isa = PBXVariantGroup;
			children = (
				518DF4B31D8C229D00B009A5 /* Base */,
			);
			name = LaunchScreen.storyboard;
			sourceTree = "<group>";
		};
/* End PBXVariantGroup section */

/* Begin XCBuildConfiguration section */
		518DF4B61D8C229D00B009A5 /* Debug */ = {
			isa = XCBuildConfiguration;
			buildSettings = {
				ALWAYS_SEARCH_USER_PATHS = NO;
				CLANG_ANALYZER_NONNULL = YES;
				CLANG_CXX_LANGUAGE_STANDARD = "gnu++0x";
				CLANG_CXX_LIBRARY = "libc++";
				CLANG_ENABLE_MODULES = YES;
				CLANG_ENABLE_OBJC_ARC = YES;
				CLANG_WARN_BOOL_CONVERSION = YES;
				CLANG_WARN_CONSTANT_CONVERSION = YES;
				CLANG_WARN_DIRECT_OBJC_ISA_USAGE = YES_ERROR;
				CLANG_WARN_DOCUMENTATION_COMMENTS = YES;
				CLANG_WARN_EMPTY_BODY = YES;
				CLANG_WARN_ENUM_CONVERSION = YES;
				CLANG_WARN_INFINITE_RECURSION = YES;
				CLANG_WARN_INT_CONVERSION = YES;
				CLANG_WARN_OBJC_ROOT_CLASS = YES_ERROR;
				CLANG_WARN_SUSPICIOUS_MOVES = YES;
				CLANG_WARN_UNREACHABLE_CODE = YES;
				CLANG_WARN__DUPLICATE_METHOD_MATCH = YES;
				"CODE_SIGN_IDENTITY[sdk=iphoneos*]" = "iPhone Developer";
				COPY_PHASE_STRIP = NO;
				DEBUG_INFORMATION_FORMAT = dwarf;
				ENABLE_STRICT_OBJC_MSGSEND = YES;
				ENABLE_TESTABILITY = YES;
				GCC_C_LANGUAGE_STANDARD = gnu99;
				GCC_DYNAMIC_NO_PIC = NO;
				GCC_NO_COMMON_BLOCKS = YES;
				GCC_OPTIMIZATION_LEVEL = 0;
				GCC_PREPROCESSOR_DEFINITIONS = (
					"DEBUG=1",
					"$(inherited)",
				);
				GCC_WARN_64_TO_32_BIT_CONVERSION = YES;
				GCC_WARN_ABOUT_RETURN_TYPE = YES_ERROR;
				GCC_WARN_UNDECLARED_SELECTOR = YES;
				GCC_WARN_UNINITIALIZED_AUTOS = YES_AGGRESSIVE;
				GCC_WARN_UNUSED_FUNCTION = YES;
				GCC_WARN_UNUSED_VARIABLE = YES;
				IPHONEOS_DEPLOYMENT_TARGET = 10.0;
				MTL_ENABLE_DEBUG_INFO = YES;
				ONLY_ACTIVE_ARCH = YES;
				SDKROOT = iphoneos;
				SWIFT_ACTIVE_COMPILATION_CONDITIONS = DEBUG;
				SWIFT_OPTIMIZATION_LEVEL = "-Onone";
				TARGETED_DEVICE_FAMILY = "1,2";
			};
			name = Debug;
		};
		518DF4B71D8C229D00B009A5 /* Release */ = {
			isa = XCBuildConfiguration;
			buildSettings = {
				ALWAYS_SEARCH_USER_PATHS = NO;
				CLANG_ANALYZER_NONNULL = YES;
				CLANG_CXX_LANGUAGE_STANDARD = "gnu++0x";
				CLANG_CXX_LIBRARY = "libc++";
				CLANG_ENABLE_MODULES = YES;
				CLANG_ENABLE_OBJC_ARC = YES;
				CLANG_WARN_BOOL_CONVERSION = YES;
				CLANG_WARN_CONSTANT_CONVERSION = YES;
				CLANG_WARN_DIRECT_OBJC_ISA_USAGE = YES_ERROR;
				CLANG_WARN_DOCUMENTATION_COMMENTS = YES;
				CLANG_WARN_EMPTY_BODY = YES;
				CLANG_WARN_ENUM_CONVERSION = YES;
				CLANG_WARN_INFINITE_RECURSION = YES;
				CLANG_WARN_INT_CONVERSION = YES;
				CLANG_WARN_OBJC_ROOT_CLASS = YES_ERROR;
				CLANG_WARN_SUSPICIOUS_MOVES = YES;
				CLANG_WARN_UNREACHABLE_CODE = YES;
				CLANG_WARN__DUPLICATE_METHOD_MATCH = YES;
				"CODE_SIGN_IDENTITY[sdk=iphoneos*]" = "iPhone Developer";
				COPY_PHASE_STRIP = NO;
				DEBUG_INFORMATION_FORMAT = "dwarf-with-dsym";
				ENABLE_NS_ASSERTIONS = NO;
				ENABLE_STRICT_OBJC_MSGSEND = YES;
				GCC_C_LANGUAGE_STANDARD = gnu99;
				GCC_NO_COMMON_BLOCKS = YES;
				GCC_WARN_64_TO_32_BIT_CONVERSION = YES;
				GCC_WARN_ABOUT_RETURN_TYPE = YES_ERROR;
				GCC_WARN_UNDECLARED_SELECTOR = YES;
				GCC_WARN_UNINITIALIZED_AUTOS = YES_AGGRESSIVE;
				GCC_WARN_UNUSED_FUNCTION = YES;
				GCC_WARN_UNUSED_VARIABLE = YES;
				IPHONEOS_DEPLOYMENT_TARGET = 10.0;
				MTL_ENABLE_DEBUG_INFO = NO;
				SDKROOT = iphoneos;
				SWIFT_OPTIMIZATION_LEVEL = "-Owholemodule";
				TARGETED_DEVICE_FAMILY = "1,2";
				VALIDATE_PRODUCT = YES;
			};
			name = Release;
		};
		518DF4B91D8C229D00B009A5 /* Debug */ = {
			isa = XCBuildConfiguration;
			buildSettings = {
				ASSETCATALOG_COMPILER_APPICON_NAME = AppIcon;
				DEVELOPMENT_TEAM = Q5299J7Y59;
				INFOPLIST_FILE = TipCalculator/Info.plist;
				IPHONEOS_DEPLOYMENT_TARGET = 9.2;
				LD_RUNPATH_SEARCH_PATHS = "$(inherited) @executable_path/Frameworks";
				PRODUCT_BUNDLE_IDENTIFIER = com.manor.TipCalculator;
				PRODUCT_NAME = "$(TARGET_NAME)";
				SWIFT_VERSION = 3.0;
				TARGETED_DEVICE_FAMILY = "1,2";
			};
			name = Debug;
		};
		518DF4BA1D8C229D00B009A5 /* Release */ = {
			isa = XCBuildConfiguration;
			buildSettings = {
				ASSETCATALOG_COMPILER_APPICON_NAME = AppIcon;
				DEVELOPMENT_TEAM = Q5299J7Y59;
				INFOPLIST_FILE = TipCalculator/Info.plist;
				IPHONEOS_DEPLOYMENT_TARGET = 9.2;
				LD_RUNPATH_SEARCH_PATHS = "$(inherited) @executable_path/Frameworks";
				PRODUCT_BUNDLE_IDENTIFIER = com.manor.TipCalculator;
				PRODUCT_NAME = "$(TARGET_NAME)";
				SWIFT_VERSION = 3.0;
				TARGETED_DEVICE_FAMILY = "1,2";
			};
			name = Release;
		};
/* End XCBuildConfiguration section */

/* Begin XCConfigurationList section */
		518DF4A11D8C229D00B009A5 /* Build configuration list for PBXProject "TipCalculator" */ = {
			isa = XCConfigurationList;
			buildConfigurations = (
				518DF4B61D8C229D00B009A5 /* Debug */,
				518DF4B71D8C229D00B009A5 /* Release */,
			);
			defaultConfigurationIsVisible = 0;
			defaultConfigurationName = Release;
		};
		518DF4B81D8C229D00B009A5 /* Build configuration list for PBXNativeTarget "TipCalculator" */ = {
			isa = XCConfigurationList;
			buildConfigurations = (
				518DF4B91D8C229D00B009A5 /* Debug */,
				518DF4BA1D8C229D00B009A5 /* Release */,
			);
			defaultConfigurationIsVisible = 0;
			defaultConfigurationName = Release;
		};
/* End XCConfigurationList section */
	};
	rootObject = 518DF49E1D8C229D00B009A5 /* Project object */;
}
